PODS:
  - Alamofire (4.3.0)
  - AlamofireImage (3.2.0):
    - Alamofire (~> 4.1)
  - RZTransitions (1.2.1)
  - SnapKit (3.1.2)

DEPENDENCIES:
  - Alamofire (~> 4.3)
  - AlamofireImage (~> 3.2)
  - RZTransitions (~> 1.2.1)
  - SnapKit (~> 3.1.2)

SPEC CHECKSUMS:
  Alamofire: e7d196a2fe4add894ad782cf7fcdf14182be17c4
  AlamofireImage: 157ed682cc81d3b9db4fb90c1f12180ac552d93b
  RZTransitions: 0e0013fda6989ee84dc5e44dca79fd539e1a975a
  SnapKit: 12b24f569cb7c143acc9c22b9d91b23e7b1c84a2

PODFILE CHECKSUM: 7d99dda14871044044676aecd01331f21915335f

COCOAPODS: 1.2.0
