PODS:
  - Alamofire (4.3.0)
  - AlamofireImage (3.2.0):
    - Alamofire (~> 4.1)
  - AlamofireObjectMapper (4.0.2):
    - Alamofire (~> 4.1)
    - ObjectMapper (~> 2.0)
  - DACircularProgress (2.3.1)
  - MBProgressHUD (0.9.2)
  - MWPhotoBrowser (2.1.2):
    - DACircularProgress (~> 2.3)
    - MBProgressHUD (~> 0.9)
    - SDWebImage (!= 3.7.2, ~> 3.7)
  - ObjectMapper (2.2.3)
  - ReactiveCocoa (5.0.0):
    - ReactiveSwift (~> 1.0.0)
  - ReactiveSwift (1.0.1):
    - Result (~> 3.1)
  - Result (3.1.0)
  - RZTransitions (1.2.1)
  - SDWebImage (3.8.1):
    - SDWebImage/Core (= 3.8.1)
  - SDWebImage/Core (3.8.1)
  - SnapKit (3.1.2)

DEPENDENCIES:
  - Alamofire (~> 4.3)
  - AlamofireImage (~> 3.2)
  - AlamofireObjectMapper (~> 4.0)
  - MWPhotoBrowser (~> 2.1.2)
  - ReactiveCocoa
  - ReactiveSwift (~> 1.0.1)
  - Result (~> 3.1.0)
  - RZTransitions (~> 1.2.1)
  - SnapKit (~> 3.1.2)

SPEC CHECKSUMS:
  Alamofire: 856a113053a7bc9cbe5d6367a555d773fc5cfef7
  AlamofireImage: 157ed682cc81d3b9db4fb90c1f12180ac552d93b
  AlamofireObjectMapper: 94923a4320bbe52c1d0d462093277a9d6a755a78
  DACircularProgress: 4dd437c0fc3da5161cb289e07ac449493d41db71
  MBProgressHUD: 1569cf7ace17a8bac47aabfbb8580a49690386d1
  MWPhotoBrowser: 5836d7aa041dc05a13de380c246826578adc5ea5
  ObjectMapper: d3b3de11267f5d971f390eb8d63dd509116a4329
  ReactiveCocoa: 60ef0da915b4f70c34ebecc3f4fb8f96af0e53d6
  ReactiveSwift: b1453c8885ebfb9b09b6d60bc5bc3303f56dc72c
  Result: 4e3ed5995ed94d0cd6a09be9a431fce3f3624bbf
  RZTransitions: 0e0013fda6989ee84dc5e44dca79fd539e1a975a
  SDWebImage: 35f9627a3e44b4f292a8a8ce6a531fa488239b91
  SnapKit: 12b24f569cb7c143acc9c22b9d91b23e7b1c84a2

PODFILE CHECKSUM: c1bd08a9110df0ebe4c9c3151f2414acf309c1c9

COCOAPODS: 1.2.0
