// !$*UTF8*$!
{
	archiveVersion = 1;
	classes = {
	};
	objectVersion = 46;
	objects = {

/* Begin PBXBuildFile section */
		D4565C81CA08898464A76FC3 /* Pods_hubchatTestapp.framework in Frameworks */ = {isa = PBXBuildFile; fileRef = EEAF6FA87CDBEB527B837427 /* Pods_hubchatTestapp.framework */; };
		F709466C1E478385006CA5DD /* DictionaryDeeplyNestedExtension.swift in Sources */ = {isa = PBXBuildFile; fileRef = F70946681E478385006CA5DD /* DictionaryDeeplyNestedExtension.swift */; };
		F709466D1E478385006CA5DD /* TranslucentNavBarExtension.swift in Sources */ = {isa = PBXBuildFile; fileRef = F70946691E478385006CA5DD /* TranslucentNavBarExtension.swift */; };
		F709466E1E478385006CA5DD /* ForumHeaderViewController.swift in Sources */ = {isa = PBXBuildFile; fileRef = F709466B1E478385006CA5DD /* ForumHeaderViewController.swift */; };
		F70946701E4783B6006CA5DD /* PostsViewController.swift in Sources */ = {isa = PBXBuildFile; fileRef = F709466F1E4783B6006CA5DD /* PostsViewController.swift */; };
		F70946721E4783CA006CA5DD /* PostsTableViewCell.swift in Sources */ = {isa = PBXBuildFile; fileRef = F70946711E4783CA006CA5DD /* PostsTableViewCell.swift */; };
		F70B1A6A1E7C351E00AE9925 /* PostImageModel.swift in Sources */ = {isa = PBXBuildFile; fileRef = F70B1A691E7C351E00AE9925 /* PostImageModel.swift */; };
		F7502AC51E485E4D00ABDF6C /* hubchatTestappTests.swift in Sources */ = {isa = PBXBuildFile; fileRef = F7502AC41E485E4D00ABDF6C /* hubchatTestappTests.swift */; };
		F7748C6D1E85749A00A4CFD3 /* ForumNetworking.swift in Sources */ = {isa = PBXBuildFile; fileRef = F7748C6C1E85749A00A4CFD3 /* ForumNetworking.swift */; };
		F7748C701E857B5700A4CFD3 /* ForumNetwork.swift in Sources */ = {isa = PBXBuildFile; fileRef = F7748C6F1E857B5700A4CFD3 /* ForumNetwork.swift */; };
		F7748C721E857C6D00A4CFD3 /* ServerEndpoint.swift in Sources */ = {isa = PBXBuildFile; fileRef = F7748C711E857C6D00A4CFD3 /* ServerEndpoint.swift */; };
		F7748C741E857EC300A4CFD3 /* ForumViewModelling.swift in Sources */ = {isa = PBXBuildFile; fileRef = F7748C731E857EC300A4CFD3 /* ForumViewModelling.swift */; };
		F7748C761E8580EB00A4CFD3 /* PostsViewModelling.swift in Sources */ = {isa = PBXBuildFile; fileRef = F7748C751E8580EB00A4CFD3 /* PostsViewModelling.swift */; };
		F7748C781E8580FD00A4CFD3 /* PostsViewModel.swift in Sources */ = {isa = PBXBuildFile; fileRef = F7748C771E8580FD00A4CFD3 /* PostsViewModel.swift */; };
		F7748C7A1E86DE1500A4CFD3 /* NetworkError.swift in Sources */ = {isa = PBXBuildFile; fileRef = F7748C791E86DE1500A4CFD3 /* NetworkError.swift */; };
		F7AA84601E451AB800D593DC /* AppDelegate.swift in Sources */ = {isa = PBXBuildFile; fileRef = F7AA845F1E451AB800D593DC /* AppDelegate.swift */; };
		F7AA84671E451AB800D593DC /* Assets.xcassets in Resources */ = {isa = PBXBuildFile; fileRef = F7AA84661E451AB800D593DC /* Assets.xcassets */; };
		F7AA846A1E451AB800D593DC /* LaunchScreen.storyboard in Resources */ = {isa = PBXBuildFile; fileRef = F7AA84681E451AB800D593DC /* LaunchScreen.storyboard */; };
		F7AA847B1E452CA100D593DC /* ForumHeaderModel.swift in Sources */ = {isa = PBXBuildFile; fileRef = F7AA84781E452CA100D593DC /* ForumHeaderModel.swift */; };
		F7AA847C1E452CA100D593DC /* PostModel.swift in Sources */ = {isa = PBXBuildFile; fileRef = F7AA84791E452CA100D593DC /* PostModel.swift */; };
		F7AA847D1E452CA100D593DC /* UserModel.swift in Sources */ = {isa = PBXBuildFile; fileRef = F7AA847A1E452CA100D593DC /* UserModel.swift */; };
		F7AA84821E45360200D593DC /* ForumViewModel.swift in Sources */ = {isa = PBXBuildFile; fileRef = F7AA84811E45360200D593DC /* ForumViewModel.swift */; };
/* End PBXBuildFile section */

/* Begin PBXContainerItemProxy section */
		F7502AC71E485E4D00ABDF6C /* PBXContainerItemProxy */ = {
			isa = PBXContainerItemProxy;
			containerPortal = F7AA84541E451AB800D593DC /* Project object */;
			proxyType = 1;
			remoteGlobalIDString = F7AA845B1E451AB800D593DC;
			remoteInfo = hubchatTestapp;
		};
/* End PBXContainerItemProxy section */

/* Begin PBXFileReference section */
		1A61258959B3A93635F84688 /* Pods-hubchatTestapp.debug.xcconfig */ = {isa = PBXFileReference; includeInIndex = 1; lastKnownFileType = text.xcconfig; name = "Pods-hubchatTestapp.debug.xcconfig"; path = "Pods/Target Support Files/Pods-hubchatTestapp/Pods-hubchatTestapp.debug.xcconfig"; sourceTree = "<group>"; };
		53FC8ABCB27F9B04D2BDB71D /* Pods-hubchatTestapp.release.xcconfig */ = {isa = PBXFileReference; includeInIndex = 1; lastKnownFileType = text.xcconfig; name = "Pods-hubchatTestapp.release.xcconfig"; path = "Pods/Target Support Files/Pods-hubchatTestapp/Pods-hubchatTestapp.release.xcconfig"; sourceTree = "<group>"; };
		EEAF6FA87CDBEB527B837427 /* Pods_hubchatTestapp.framework */ = {isa = PBXFileReference; explicitFileType = wrapper.framework; includeInIndex = 0; path = Pods_hubchatTestapp.framework; sourceTree = BUILT_PRODUCTS_DIR; };
		F70946681E478385006CA5DD /* DictionaryDeeplyNestedExtension.swift */ = {isa = PBXFileReference; fileEncoding = 4; lastKnownFileType = sourcecode.swift; path = DictionaryDeeplyNestedExtension.swift; sourceTree = "<group>"; };
		F70946691E478385006CA5DD /* TranslucentNavBarExtension.swift */ = {isa = PBXFileReference; fileEncoding = 4; lastKnownFileType = sourcecode.swift; path = TranslucentNavBarExtension.swift; sourceTree = "<group>"; };
		F709466B1E478385006CA5DD /* ForumHeaderViewController.swift */ = {isa = PBXFileReference; fileEncoding = 4; lastKnownFileType = sourcecode.swift; path = ForumHeaderViewController.swift; sourceTree = "<group>"; };
		F709466F1E4783B6006CA5DD /* PostsViewController.swift */ = {isa = PBXFileReference; fileEncoding = 4; lastKnownFileType = sourcecode.swift; path = PostsViewController.swift; sourceTree = "<group>"; };
		F70946711E4783CA006CA5DD /* PostsTableViewCell.swift */ = {isa = PBXFileReference; fileEncoding = 4; lastKnownFileType = sourcecode.swift; path = PostsTableViewCell.swift; sourceTree = "<group>"; };
		F70B1A691E7C351E00AE9925 /* PostImageModel.swift */ = {isa = PBXFileReference; fileEncoding = 4; lastKnownFileType = sourcecode.swift; path = PostImageModel.swift; sourceTree = "<group>"; };
		F7502AC21E485E4D00ABDF6C /* hubchatTestappTests.xctest */ = {isa = PBXFileReference; explicitFileType = wrapper.cfbundle; includeInIndex = 0; path = hubchatTestappTests.xctest; sourceTree = BUILT_PRODUCTS_DIR; };
		F7502AC41E485E4D00ABDF6C /* hubchatTestappTests.swift */ = {isa = PBXFileReference; lastKnownFileType = sourcecode.swift; path = hubchatTestappTests.swift; sourceTree = "<group>"; };
		F7502AC61E485E4D00ABDF6C /* Info.plist */ = {isa = PBXFileReference; lastKnownFileType = text.plist.xml; path = Info.plist; sourceTree = "<group>"; };
		F7748C6C1E85749A00A4CFD3 /* ForumNetworking.swift */ = {isa = PBXFileReference; fileEncoding = 4; lastKnownFileType = sourcecode.swift; name = ForumNetworking.swift; path = Networking/ForumNetworking.swift; sourceTree = "<group>"; };
		F7748C6F1E857B5700A4CFD3 /* ForumNetwork.swift */ = {isa = PBXFileReference; fileEncoding = 4; lastKnownFileType = sourcecode.swift; name = ForumNetwork.swift; path = Networking/ForumNetwork.swift; sourceTree = "<group>"; };
		F7748C711E857C6D00A4CFD3 /* ServerEndpoint.swift */ = {isa = PBXFileReference; fileEncoding = 4; lastKnownFileType = sourcecode.swift; name = ServerEndpoint.swift; path = Networking/ServerEndpoint.swift; sourceTree = "<group>"; };
		F7748C731E857EC300A4CFD3 /* ForumViewModelling.swift */ = {isa = PBXFileReference; fileEncoding = 4; lastKnownFileType = sourcecode.swift; path = ForumViewModelling.swift; sourceTree = "<group>"; };
		F7748C751E8580EB00A4CFD3 /* PostsViewModelling.swift */ = {isa = PBXFileReference; fileEncoding = 4; lastKnownFileType = sourcecode.swift; path = PostsViewModelling.swift; sourceTree = "<group>"; };
		F7748C771E8580FD00A4CFD3 /* PostsViewModel.swift */ = {isa = PBXFileReference; fileEncoding = 4; lastKnownFileType = sourcecode.swift; path = PostsViewModel.swift; sourceTree = "<group>"; };
		F7748C791E86DE1500A4CFD3 /* NetworkError.swift */ = {isa = PBXFileReference; fileEncoding = 4; lastKnownFileType = sourcecode.swift; name = NetworkError.swift; path = Networking/NetworkError.swift; sourceTree = "<group>"; };
		F7AA845C1E451AB800D593DC /* hubchatTestapp.app */ = {isa = PBXFileReference; explicitFileType = wrapper.application; includeInIndex = 0; path = hubchatTestapp.app; sourceTree = BUILT_PRODUCTS_DIR; };
		F7AA845F1E451AB800D593DC /* AppDelegate.swift */ = {isa = PBXFileReference; lastKnownFileType = sourcecode.swift; path = AppDelegate.swift; sourceTree = "<group>"; };
		F7AA84661E451AB800D593DC /* Assets.xcassets */ = {isa = PBXFileReference; lastKnownFileType = folder.assetcatalog; path = Assets.xcassets; sourceTree = "<group>"; };
		F7AA84691E451AB800D593DC /* Base */ = {isa = PBXFileReference; lastKnownFileType = file.storyboard; name = Base; path = Base.lproj/LaunchScreen.storyboard; sourceTree = "<group>"; };
		F7AA846B1E451AB800D593DC /* Info.plist */ = {isa = PBXFileReference; lastKnownFileType = text.plist.xml; path = Info.plist; sourceTree = "<group>"; };
		F7AA84781E452CA100D593DC /* ForumHeaderModel.swift */ = {isa = PBXFileReference; fileEncoding = 4; lastKnownFileType = sourcecode.swift; path = ForumHeaderModel.swift; sourceTree = "<group>"; };
		F7AA84791E452CA100D593DC /* PostModel.swift */ = {isa = PBXFileReference; fileEncoding = 4; lastKnownFileType = sourcecode.swift; path = PostModel.swift; sourceTree = "<group>"; };
		F7AA847A1E452CA100D593DC /* UserModel.swift */ = {isa = PBXFileReference; fileEncoding = 4; lastKnownFileType = sourcecode.swift; path = UserModel.swift; sourceTree = "<group>"; };
		F7AA84811E45360200D593DC /* ForumViewModel.swift */ = {isa = PBXFileReference; fileEncoding = 4; lastKnownFileType = sourcecode.swift; path = ForumViewModel.swift; sourceTree = "<group>"; };
/* End PBXFileReference section */

/* Begin PBXFrameworksBuildPhase section */
		F7502ABF1E485E4D00ABDF6C /* Frameworks */ = {
			isa = PBXFrameworksBuildPhase;
			buildActionMask = 2147483647;
			files = (
			);
			runOnlyForDeploymentPostprocessing = 0;
		};
		F7AA84591E451AB800D593DC /* Frameworks */ = {
			isa = PBXFrameworksBuildPhase;
			buildActionMask = 2147483647;
			files = (
				D4565C81CA08898464A76FC3 /* Pods_hubchatTestapp.framework in Frameworks */,
			);
			runOnlyForDeploymentPostprocessing = 0;
		};
/* End PBXFrameworksBuildPhase section */

/* Begin PBXGroup section */
		3B3F216A32BDDB2EBF696CDD /* Pods */ = {
			isa = PBXGroup;
			children = (
				1A61258959B3A93635F84688 /* Pods-hubchatTestapp.debug.xcconfig */,
				53FC8ABCB27F9B04D2BDB71D /* Pods-hubchatTestapp.release.xcconfig */,
			);
			name = Pods;
			sourceTree = "<group>";
		};
		F70946671E478385006CA5DD /* UtilsExtensions */ = {
			isa = PBXGroup;
			children = (
				F70946681E478385006CA5DD /* DictionaryDeeplyNestedExtension.swift */,
				F70946691E478385006CA5DD /* TranslucentNavBarExtension.swift */,
			);
			path = UtilsExtensions;
			sourceTree = "<group>";
		};
		F709466A1E478385006CA5DD /* ViewControllers */ = {
			isa = PBXGroup;
			children = (
				F709466B1E478385006CA5DD /* ForumHeaderViewController.swift */,
				F709466F1E4783B6006CA5DD /* PostsViewController.swift */,
				F70946711E4783CA006CA5DD /* PostsTableViewCell.swift */,
			);
			path = ViewControllers;
			sourceTree = "<group>";
		};
		F7502AC31E485E4D00ABDF6C /* hubchatTestappTests */ = {
			isa = PBXGroup;
			children = (
				F7502AC41E485E4D00ABDF6C /* hubchatTestappTests.swift */,
				F7502AC61E485E4D00ABDF6C /* Info.plist */,
			);
			path = hubchatTestappTests;
			sourceTree = "<group>";
		};
		F7748C6E1E85799000A4CFD3 /* Networking */ = {
			isa = PBXGroup;
			children = (
				F7748C791E86DE1500A4CFD3 /* NetworkError.swift */,
				F7748C6C1E85749A00A4CFD3 /* ForumNetworking.swift */,
				F7748C6F1E857B5700A4CFD3 /* ForumNetwork.swift */,
				F7748C711E857C6D00A4CFD3 /* ServerEndpoint.swift */,
			);
			name = Networking;
			sourceTree = "<group>";
		};
		F7AA84531E451AB800D593DC = {
			isa = PBXGroup;
			children = (
				F7AA845E1E451AB800D593DC /* hubchatTestapp */,
				F7502AC31E485E4D00ABDF6C /* hubchatTestappTests */,
				F7AA845D1E451AB800D593DC /* Products */,
				3B3F216A32BDDB2EBF696CDD /* Pods */,
				F89A56562493496C400A3AAC /* Frameworks */,
			);
			sourceTree = "<group>";
		};
		F7AA845D1E451AB800D593DC /* Products */ = {
			isa = PBXGroup;
			children = (
				F7AA845C1E451AB800D593DC /* hubchatTestapp.app */,
				F7502AC21E485E4D00ABDF6C /* hubchatTestappTests.xctest */,
			);
			name = Products;
			sourceTree = "<group>";
		};
		F7AA845E1E451AB800D593DC /* hubchatTestapp */ = {
			isa = PBXGroup;
			children = (
				F70946671E478385006CA5DD /* UtilsExtensions */,
				F7748C6E1E85799000A4CFD3 /* Networking */,
				F7AA84771E452CA100D593DC /* Model */,
				F7AA84801E45360200D593DC /* ViewModel */,
				F709466A1E478385006CA5DD /* ViewControllers */,
				F7AA845F1E451AB800D593DC /* AppDelegate.swift */,
				F7AA84661E451AB800D593DC /* Assets.xcassets */,
				F7AA84681E451AB800D593DC /* LaunchScreen.storyboard */,
				F7AA846B1E451AB800D593DC /* Info.plist */,
			);
			path = hubchatTestapp;
			sourceTree = "<group>";
		};
		F7AA84771E452CA100D593DC /* Model */ = {
			isa = PBXGroup;
			children = (
				F7AA84781E452CA100D593DC /* ForumHeaderModel.swift */,
				F7AA84791E452CA100D593DC /* PostModel.swift */,
				F7AA847A1E452CA100D593DC /* UserModel.swift */,
				F70B1A691E7C351E00AE9925 /* PostImageModel.swift */,
			);
			path = Model;
			sourceTree = "<group>";
		};
		F7AA84801E45360200D593DC /* ViewModel */ = {
			isa = PBXGroup;
			children = (
				F7748C731E857EC300A4CFD3 /* ForumViewModelling.swift */,
				F7AA84811E45360200D593DC /* ForumViewModel.swift */,
				F7748C751E8580EB00A4CFD3 /* PostsViewModelling.swift */,
				F7748C771E8580FD00A4CFD3 /* PostsViewModel.swift */,
			);
			name = ViewModel;
			path = hubchatTestapp/ViewModel;
			sourceTree = SOURCE_ROOT;
		};
		F89A56562493496C400A3AAC /* Frameworks */ = {
			isa = PBXGroup;
			children = (
				EEAF6FA87CDBEB527B837427 /* Pods_hubchatTestapp.framework */,
			);
			name = Frameworks;
			sourceTree = "<group>";
		};
/* End PBXGroup section */

/* Begin PBXNativeTarget section */
		F7502AC11E485E4D00ABDF6C /* hubchatTestappTests */ = {
			isa = PBXNativeTarget;
			buildConfigurationList = F7502AC91E485E4D00ABDF6C /* Build configuration list for PBXNativeTarget "hubchatTestappTests" */;
			buildPhases = (
				F7502ABE1E485E4D00ABDF6C /* Sources */,
				F7502ABF1E485E4D00ABDF6C /* Frameworks */,
				F7502AC01E485E4D00ABDF6C /* Resources */,
			);
			buildRules = (
			);
			dependencies = (
				F7502AC81E485E4D00ABDF6C /* PBXTargetDependency */,
			);
			name = hubchatTestappTests;
			productName = hubchatTestappTests;
			productReference = F7502AC21E485E4D00ABDF6C /* hubchatTestappTests.xctest */;
			productType = "com.apple.product-type.bundle.unit-test";
		};
		F7AA845B1E451AB800D593DC /* hubchatTestapp */ = {
			isa = PBXNativeTarget;
			buildConfigurationList = F7AA846E1E451AB800D593DC /* Build configuration list for PBXNativeTarget "hubchatTestapp" */;
			buildPhases = (
				CA0A7C645A22B27A5B12F258 /* [CP] Check Pods Manifest.lock */,
				F7AA84581E451AB800D593DC /* Sources */,
				F7AA84591E451AB800D593DC /* Frameworks */,
				F7AA845A1E451AB800D593DC /* Resources */,
				2C0CE243BF8F700065AA152B /* [CP] Embed Pods Frameworks */,
				14871FFBF18AB292963FD3FB /* [CP] Copy Pods Resources */,
			);
			buildRules = (
			);
			dependencies = (
			);
			name = hubchatTestapp;
			productName = hubchatTestapp;
			productReference = F7AA845C1E451AB800D593DC /* hubchatTestapp.app */;
			productType = "com.apple.product-type.application";
		};
/* End PBXNativeTarget section */

/* Begin PBXProject section */
		F7AA84541E451AB800D593DC /* Project object */ = {
			isa = PBXProject;
			attributes = {
				LastSwiftUpdateCheck = 0820;
				LastUpgradeCheck = 0820;
				ORGANIZATIONNAME = hubchat;
				TargetAttributes = {
					F7502AC11E485E4D00ABDF6C = {
						CreatedOnToolsVersion = 8.2.1;
						DevelopmentTeam = 8LLHRX2QSM;
						ProvisioningStyle = Automatic;
						TestTargetID = F7AA845B1E451AB800D593DC;
					};
					F7AA845B1E451AB800D593DC = {
						CreatedOnToolsVersion = 8.2.1;
						DevelopmentTeam = 384YEV2ZBD;
						ProvisioningStyle = Automatic;
					};
				};
			};
			buildConfigurationList = F7AA84571E451AB800D593DC /* Build configuration list for PBXProject "hubchatTestapp" */;
			compatibilityVersion = "Xcode 3.2";
			developmentRegion = English;
			hasScannedForEncodings = 0;
			knownRegions = (
				en,
				Base,
			);
			mainGroup = F7AA84531E451AB800D593DC;
			productRefGroup = F7AA845D1E451AB800D593DC /* Products */;
			projectDirPath = "";
			projectRoot = "";
			targets = (
				F7AA845B1E451AB800D593DC /* hubchatTestapp */,
				F7502AC11E485E4D00ABDF6C /* hubchatTestappTests */,
			);
		};
/* End PBXProject section */

/* Begin PBXResourcesBuildPhase section */
		F7502AC01E485E4D00ABDF6C /* Resources */ = {
			isa = PBXResourcesBuildPhase;
			buildActionMask = 2147483647;
			files = (
			);
			runOnlyForDeploymentPostprocessing = 0;
		};
		F7AA845A1E451AB800D593DC /* Resources */ = {
			isa = PBXResourcesBuildPhase;
			buildActionMask = 2147483647;
			files = (
				F7AA846A1E451AB800D593DC /* LaunchScreen.storyboard in Resources */,
				F7AA84671E451AB800D593DC /* Assets.xcassets in Resources */,
			);
			runOnlyForDeploymentPostprocessing = 0;
		};
/* End PBXResourcesBuildPhase section */

/* Begin PBXShellScriptBuildPhase section */
		14871FFBF18AB292963FD3FB /* [CP] Copy Pods Resources */ = {
			isa = PBXShellScriptBuildPhase;
			buildActionMask = 2147483647;
			files = (
			);
			inputPaths = (
			);
			name = "[CP] Copy Pods Resources";
			outputPaths = (
			);
			runOnlyForDeploymentPostprocessing = 0;
			shellPath = /bin/sh;
			shellScript = "\"${SRCROOT}/Pods/Target Support Files/Pods-hubchatTestapp/Pods-hubchatTestapp-resources.sh\"\n";
			showEnvVarsInLog = 0;
		};
		2C0CE243BF8F700065AA152B /* [CP] Embed Pods Frameworks */ = {
			isa = PBXShellScriptBuildPhase;
			buildActionMask = 2147483647;
			files = (
			);
			inputPaths = (
			);
			name = "[CP] Embed Pods Frameworks";
			outputPaths = (
			);
			runOnlyForDeploymentPostprocessing = 0;
			shellPath = /bin/sh;
			shellScript = "\"${SRCROOT}/Pods/Target Support Files/Pods-hubchatTestapp/Pods-hubchatTestapp-frameworks.sh\"\n";
			showEnvVarsInLog = 0;
		};
		CA0A7C645A22B27A5B12F258 /* [CP] Check Pods Manifest.lock */ = {
			isa = PBXShellScriptBuildPhase;
			buildActionMask = 2147483647;
			files = (
			);
			inputPaths = (
			);
			name = "[CP] Check Pods Manifest.lock";
			outputPaths = (
			);
			runOnlyForDeploymentPostprocessing = 0;
			shellPath = /bin/sh;
			shellScript = "diff \"${PODS_ROOT}/../Podfile.lock\" \"${PODS_ROOT}/Manifest.lock\" > /dev/null\nif [ $? != 0 ] ; then\n    # print error to STDERR\n    echo \"error: The sandbox is not in sync with the Podfile.lock. Run 'pod install' or update your CocoaPods installation.\" >&2\n    exit 1\nfi\n";
			showEnvVarsInLog = 0;
		};
/* End PBXShellScriptBuildPhase section */

/* Begin PBXSourcesBuildPhase section */
		F7502ABE1E485E4D00ABDF6C /* Sources */ = {
			isa = PBXSourcesBuildPhase;
			buildActionMask = 2147483647;
			files = (
				F7502AC51E485E4D00ABDF6C /* hubchatTestappTests.swift in Sources */,
			);
			runOnlyForDeploymentPostprocessing = 0;
		};
		F7AA84581E451AB800D593DC /* Sources */ = {
			isa = PBXSourcesBuildPhase;
			buildActionMask = 2147483647;
			files = (
				F7748C781E8580FD00A4CFD3 /* PostsViewModel.swift in Sources */,
				F7AA84821E45360200D593DC /* ForumViewModel.swift in Sources */,
				F7748C721E857C6D00A4CFD3 /* ServerEndpoint.swift in Sources */,
				F7748C6D1E85749A00A4CFD3 /* ForumNetworking.swift in Sources */,
				F7748C761E8580EB00A4CFD3 /* PostsViewModelling.swift in Sources */,
				F7AA847C1E452CA100D593DC /* PostModel.swift in Sources */,
				F7AA84601E451AB800D593DC /* AppDelegate.swift in Sources */,
				F70946701E4783B6006CA5DD /* PostsViewController.swift in Sources */,
				F709466E1E478385006CA5DD /* ForumHeaderViewController.swift in Sources */,
				F7748C741E857EC300A4CFD3 /* ForumViewModelling.swift in Sources */,
				F7AA847D1E452CA100D593DC /* UserModel.swift in Sources */,
				F7AA847B1E452CA100D593DC /* ForumHeaderModel.swift in Sources */,
				F70946721E4783CA006CA5DD /* PostsTableViewCell.swift in Sources */,
				F70B1A6A1E7C351E00AE9925 /* PostImageModel.swift in Sources */,
				F7748C701E857B5700A4CFD3 /* ForumNetwork.swift in Sources */,
				F7748C7A1E86DE1500A4CFD3 /* NetworkError.swift in Sources */,
				F709466C1E478385006CA5DD /* DictionaryDeeplyNestedExtension.swift in Sources */,
				F709466D1E478385006CA5DD /* TranslucentNavBarExtension.swift in Sources */,
			);
			runOnlyForDeploymentPostprocessing = 0;
		};
/* End PBXSourcesBuildPhase section */

/* Begin PBXTargetDependency section */
		F7502AC81E485E4D00ABDF6C /* PBXTargetDependency */ = {
			isa = PBXTargetDependency;
			target = F7AA845B1E451AB800D593DC /* hubchatTestapp */;
			targetProxy = F7502AC71E485E4D00ABDF6C /* PBXContainerItemProxy */;
		};
/* End PBXTargetDependency section */

/* Begin PBXVariantGroup section */
		F7AA84681E451AB800D593DC /* LaunchScreen.storyboard */ = {
			isa = PBXVariantGroup;
			children = (
				F7AA84691E451AB800D593DC /* Base */,
			);
			name = LaunchScreen.storyboard;
			sourceTree = "<group>";
		};
/* End PBXVariantGroup section */

/* Begin XCBuildConfiguration section */
		F7502ACA1E485E4D00ABDF6C /* Debug */ = {
			isa = XCBuildConfiguration;
			buildSettings = {
				BUNDLE_LOADER = "$(TEST_HOST)";
				DEVELOPMENT_TEAM = 8LLHRX2QSM;
				INFOPLIST_FILE = hubchatTestappTests/Info.plist;
				LD_RUNPATH_SEARCH_PATHS = "$(inherited) @executable_path/Frameworks @loader_path/Frameworks";
				PRODUCT_BUNDLE_IDENTIFIER = com.hubchat.testapp.hubchatTestappTests;
				PRODUCT_NAME = "$(TARGET_NAME)";
				SWIFT_VERSION = 3.0;
				TEST_HOST = "$(BUILT_PRODUCTS_DIR)/hubchatTestapp.app/hubchatTestapp";
			};
			name = Debug;
		};
		F7502ACB1E485E4D00ABDF6C /* Release */ = {
			isa = XCBuildConfiguration;
			buildSettings = {
				BUNDLE_LOADER = "$(TEST_HOST)";
				DEVELOPMENT_TEAM = 8LLHRX2QSM;
				INFOPLIST_FILE = hubchatTestappTests/Info.plist;
				LD_RUNPATH_SEARCH_PATHS = "$(inherited) @executable_path/Frameworks @loader_path/Frameworks";
				PRODUCT_BUNDLE_IDENTIFIER = com.hubchat.testapp.hubchatTestappTests;
				PRODUCT_NAME = "$(TARGET_NAME)";
				SWIFT_VERSION = 3.0;
				TEST_HOST = "$(BUILT_PRODUCTS_DIR)/hubchatTestapp.app/hubchatTestapp";
			};
			name = Release;
		};
		F7AA846C1E451AB800D593DC /* Debug */ = {
			isa = XCBuildConfiguration;
			buildSettings = {
				ALWAYS_SEARCH_USER_PATHS = NO;
				CLANG_ANALYZER_NONNULL = YES;
				CLANG_CXX_LANGUAGE_STANDARD = "gnu++0x";
				CLANG_CXX_LIBRARY = "libc++";
				CLANG_ENABLE_MODULES = YES;
				CLANG_ENABLE_OBJC_ARC = YES;
				CLANG_WARN_BOOL_CONVERSION = YES;
				CLANG_WARN_CONSTANT_CONVERSION = YES;
				CLANG_WARN_DIRECT_OBJC_ISA_USAGE = YES_ERROR;
				CLANG_WARN_DOCUMENTATION_COMMENTS = YES;
				CLANG_WARN_EMPTY_BODY = YES;
				CLANG_WARN_ENUM_CONVERSION = YES;
				CLANG_WARN_INFINITE_RECURSION = YES;
				CLANG_WARN_INT_CONVERSION = YES;
				CLANG_WARN_OBJC_ROOT_CLASS = YES_ERROR;
				CLANG_WARN_SUSPICIOUS_MOVE = YES;
				CLANG_WARN_UNREACHABLE_CODE = YES;
				CLANG_WARN__DUPLICATE_METHOD_MATCH = YES;
				"CODE_SIGN_IDENTITY[sdk=iphoneos*]" = "iPhone Developer";
				COPY_PHASE_STRIP = NO;
				DEBUG_INFORMATION_FORMAT = dwarf;
				ENABLE_STRICT_OBJC_MSGSEND = YES;
				ENABLE_TESTABILITY = YES;
				GCC_C_LANGUAGE_STANDARD = gnu99;
				GCC_DYNAMIC_NO_PIC = NO;
				GCC_NO_COMMON_BLOCKS = YES;
				GCC_OPTIMIZATION_LEVEL = 0;
				GCC_PREPROCESSOR_DEFINITIONS = (
					"DEBUG=1",
					"$(inherited)",
				);
				GCC_WARN_64_TO_32_BIT_CONVERSION = YES;
				GCC_WARN_ABOUT_RETURN_TYPE = YES_ERROR;
				GCC_WARN_UNDECLARED_SELECTOR = YES;
				GCC_WARN_UNINITIALIZED_AUTOS = YES_AGGRESSIVE;
				GCC_WARN_UNUSED_FUNCTION = YES;
				GCC_WARN_UNUSED_VARIABLE = YES;
				IPHONEOS_DEPLOYMENT_TARGET = 10.2;
				MTL_ENABLE_DEBUG_INFO = YES;
				ONLY_ACTIVE_ARCH = YES;
				SDKROOT = iphoneos;
				SWIFT_ACTIVE_COMPILATION_CONDITIONS = DEBUG;
				SWIFT_OPTIMIZATION_LEVEL = "-Onone";
				TARGETED_DEVICE_FAMILY = "1,2";
			};
			name = Debug;
		};
		F7AA846D1E451AB800D593DC /* Release */ = {
			isa = XCBuildConfiguration;
			buildSettings = {
				ALWAYS_SEARCH_USER_PATHS = NO;
				CLANG_ANALYZER_NONNULL = YES;
				CLANG_CXX_LANGUAGE_STANDARD = "gnu++0x";
				CLANG_CXX_LIBRARY = "libc++";
				CLANG_ENABLE_MODULES = YES;
				CLANG_ENABLE_OBJC_ARC = YES;
				CLANG_WARN_BOOL_CONVERSION = YES;
				CLANG_WARN_CONSTANT_CONVERSION = YES;
				CLANG_WARN_DIRECT_OBJC_ISA_USAGE = YES_ERROR;
				CLANG_WARN_DOCUMENTATION_COMMENTS = YES;
				CLANG_WARN_EMPTY_BODY = YES;
				CLANG_WARN_ENUM_CONVERSION = YES;
				CLANG_WARN_INFINITE_RECURSION = YES;
				CLANG_WARN_INT_CONVERSION = YES;
				CLANG_WARN_OBJC_ROOT_CLASS = YES_ERROR;
				CLANG_WARN_SUSPICIOUS_MOVE = YES;
				CLANG_WARN_UNREACHABLE_CODE = YES;
				CLANG_WARN__DUPLICATE_METHOD_MATCH = YES;
				"CODE_SIGN_IDENTITY[sdk=iphoneos*]" = "iPhone Developer";
				COPY_PHASE_STRIP = NO;
				DEBUG_INFORMATION_FORMAT = "dwarf-with-dsym";
				ENABLE_NS_ASSERTIONS = NO;
				ENABLE_STRICT_OBJC_MSGSEND = YES;
				GCC_C_LANGUAGE_STANDARD = gnu99;
				GCC_NO_COMMON_BLOCKS = YES;
				GCC_WARN_64_TO_32_BIT_CONVERSION = YES;
				GCC_WARN_ABOUT_RETURN_TYPE = YES_ERROR;
				GCC_WARN_UNDECLARED_SELECTOR = YES;
				GCC_WARN_UNINITIALIZED_AUTOS = YES_AGGRESSIVE;
				GCC_WARN_UNUSED_FUNCTION = YES;
				GCC_WARN_UNUSED_VARIABLE = YES;
				IPHONEOS_DEPLOYMENT_TARGET = 10.2;
				MTL_ENABLE_DEBUG_INFO = NO;
				SDKROOT = iphoneos;
				SWIFT_OPTIMIZATION_LEVEL = "-Owholemodule";
				TARGETED_DEVICE_FAMILY = "1,2";
				VALIDATE_PRODUCT = YES;
			};
			name = Release;
		};
		F7AA846F1E451AB800D593DC /* Debug */ = {
			isa = XCBuildConfiguration;
			baseConfigurationReference = 1A61258959B3A93635F84688 /* Pods-hubchatTestapp.debug.xcconfig */;
			buildSettings = {
				ASSETCATALOG_COMPILER_APPICON_NAME = AppIcon;
				DEVELOPMENT_TEAM = 384YEV2ZBD;
				INFOPLIST_FILE = hubchatTestapp/Info.plist;
				IPHONEOS_DEPLOYMENT_TARGET = 9.0;
				LD_RUNPATH_SEARCH_PATHS = "$(inherited) @executable_path/Frameworks";
				PRODUCT_BUNDLE_IDENTIFIER = com.breezy.testapp.hubchatTestapp;
				PRODUCT_NAME = "$(TARGET_NAME)";
				SWIFT_VERSION = 3.0;
			};
			name = Debug;
		};
		F7AA84701E451AB800D593DC /* Release */ = {
			isa = XCBuildConfiguration;
			baseConfigurationReference = 53FC8ABCB27F9B04D2BDB71D /* Pods-hubchatTestapp.release.xcconfig */;
			buildSettings = {
				ASSETCATALOG_COMPILER_APPICON_NAME = AppIcon;
				DEVELOPMENT_TEAM = 384YEV2ZBD;
				INFOPLIST_FILE = hubchatTestapp/Info.plist;
				IPHONEOS_DEPLOYMENT_TARGET = 9.0;
				LD_RUNPATH_SEARCH_PATHS = "$(inherited) @executable_path/Frameworks";
				PRODUCT_BUNDLE_IDENTIFIER = com.breezy.testapp.hubchatTestapp;
				PRODUCT_NAME = "$(TARGET_NAME)";
				SWIFT_VERSION = 3.0;
			};
			name = Release;
		};
/* End XCBuildConfiguration section */

/* Begin XCConfigurationList section */
		F7502AC91E485E4D00ABDF6C /* Build configuration list for PBXNativeTarget "hubchatTestappTests" */ = {
			isa = XCConfigurationList;
			buildConfigurations = (
				F7502ACA1E485E4D00ABDF6C /* Debug */,
				F7502ACB1E485E4D00ABDF6C /* Release */,
			);
			defaultConfigurationIsVisible = 0;
			defaultConfigurationName = Release;
		};
		F7AA84571E451AB800D593DC /* Build configuration list for PBXProject "hubchatTestapp" */ = {
			isa = XCConfigurationList;
			buildConfigurations = (
				F7AA846C1E451AB800D593DC /* Debug */,
				F7AA846D1E451AB800D593DC /* Release */,
			);
			defaultConfigurationIsVisible = 0;
			defaultConfigurationName = Release;
		};
		F7AA846E1E451AB800D593DC /* Build configuration list for PBXNativeTarget "hubchatTestapp" */ = {
			isa = XCConfigurationList;
			buildConfigurations = (
				F7AA846F1E451AB800D593DC /* Debug */,
				F7AA84701E451AB800D593DC /* Release */,
			);
			defaultConfigurationIsVisible = 0;
			defaultConfigurationName = Release;
		};
/* End XCConfigurationList section */
	};
	rootObject = F7AA84541E451AB800D593DC /* Project object */;
}
